<?xml version="1.0" encoding="UTF-8" standalone="yes" ?>
<CodeBlocks_project_file>
	<FileVersion major="1" minor="6" />
	<Project>
		<Option title="Default" />
		<Option pch_mode="2" />
		<Option compiler="gcc" />
		<Build>
			<Target title="Release">
				<Option output="bin/Default" prefix_auto="1" extension_auto="1" />
				<Option working_dir="bin" />
				<Option object_output="obj/" />
				<Option type="0" />
				<Option compiler="gcc" />
				<Compiler>
					<Add option="-O3" />
					<Add option="-Wall" />
					<Add option="-std=c++14" />
					<Add option="-m32" />
					<Add option="-DSFML_STATIC" />
				</Compiler>
				<Linker>
					<Add library="sfml-graphics-s" />
					<Add library="freetype" />
					<Add library="sfml-window-s" />
					<Add library="opengl32" />
					<Add library="gdi32" />
					<Add library="sfml-audio-s" />
					<Add library="openal32" />
					<Add library="flac" />
					<Add library="vorbisenc" />
					<Add library="vorbisfile" />
					<Add library="vorbis" />
					<Add library="ogg" />
					<Add library="sfml-system-s" />
					<Add library="winmm" />
				</Linker>
			</Target>
		</Build>
		<Unit filename="include/Alface.hpp" />
		<Unit filename="include/Bacon.hpp" />
		<Unit filename="include/Banana.hpp" />
		<Unit filename="include/Bife.hpp" />
		<Unit filename="include/Cebola.hpp" />
		<Unit filename="include/Cogumelo.hpp" />
		<Unit filename="include/Collision.hpp" />
		<Unit filename="include/Config.hpp" />
		<Unit filename="include/Fila.hpp" />
		<Unit filename="include/FontManager.hpp" />
		<Unit filename="include/Food.hpp" />
		<Unit filename="include/Game.hpp" />
		<Unit filename="include/GameRef.hpp" />
		<Unit filename="include/Hamburguer.hpp" />
		<Unit filename="include/InputManager.hpp" />
		<Unit filename="include/Lanche.hpp" />
		<Unit filename="include/MusicManager.hpp" />
		<Unit filename="include/PaoInferior.hpp" />
		<Unit filename="include/PaoSuperior.hpp" />
		<Unit filename="include/Peixe.hpp" />
		<Unit filename="include/Peperoni.hpp" />
		<Unit filename="include/Picles.hpp" />
		<Unit filename="include/Pilha.hpp" />
		<Unit filename="include/Pimentao.hpp" />
		<Unit filename="include/Pizza.hpp" />
		<Unit filename="include/Queijo.hpp" />
		<Unit filename="include/Salmao.hpp" />
		<Unit filename="include/Screen.hpp" />
		<Unit filename="include/ScreenCompara.hpp" />
		<Unit filename="include/ScreenCreditos.hpp" />
		<Unit filename="include/ScreenGanhou.hpp" />
		<Unit filename="include/ScreenJogo.hpp" />
		<Unit filename="include/ScreenMenu.hpp" />
		<Unit filename="include/ScreenPerdeu.hpp" />
		<Unit filename="include/SoundManager.hpp" />
		<Unit filename="include/Sushi.hpp" />
		<Unit filename="include/TextureManager.hpp" />
		<Unit filename="include/Tomate.hpp" />
		<Unit filename="include/Utils.hpp" />
		<Unit filename="main.cpp" />
		<Unit filename="src/controller/Collision.cpp" />
		<Unit filename="src/controller/FontManager.cpp" />
		<Unit filename="src/controller/Game.cpp" />
		<Unit filename="src/controller/InputManager.cpp" />
		<Unit filename="src/controller/MusicManager.cpp" />
		<Unit filename="src/controller/SoundManager.cpp" />
		<Unit filename="src/controller/TextureManager.cpp" />
		<Unit filename="src/controller/Utils.cpp" />
		<Unit filename="src/model/Alface.cpp" />
		<Unit filename="src/model/Bacon.cpp" />
		<Unit filename="src/model/Banana.cpp" />
		<Unit filename="src/model/Bife.cpp" />
		<Unit filename="src/model/Cebola.cpp" />
		<Unit filename="src/model/Cogumelo.cpp" />
		<Unit filename="src/model/Fila.cpp" />
		<Unit filename="src/model/Food.cpp" />
		<Unit filename="src/model/Hamburguer.cpp" />
		<Unit filename="src/model/Lanche.cpp" />
		<Unit filename="src/model/PaoInferior.cpp" />
		<Unit filename="src/model/PaoSuperior.cpp" />
		<Unit filename="src/model/Peixe.cpp" />
		<Unit filename="src/model/Peperoni.cpp" />
		<Unit filename="src/model/Picles.cpp" />
		<Unit filename="src/model/Pilha.cpp" />
		<Unit filename="src/model/Pimentao.cpp" />
		<Unit filename="src/model/Pizza.cpp" />
		<Unit filename="src/model/Queijo.cpp" />
		<Unit filename="src/model/Salmao.cpp" />
		<Unit filename="src/model/Screen.cpp" />
		<Unit filename="src/model/Sushi.cpp" />
		<Unit filename="src/model/Tomate.cpp" />
		<Unit filename="src/viewer/ScreenCompara.cpp" />
		<Unit filename="src/viewer/ScreenCreditos.cpp" />
		<Unit filename="src/viewer/ScreenGanhou.cpp" />
		<Unit filename="src/viewer/ScreenJogo.cpp" />
		<Unit filename="src/viewer/ScreenMenu.cpp" />
		<Unit filename="src/viewer/ScreenPerdeu.cpp" />
		<Extensions>
			<code_completion />
			<debugger />
			<envvars />
		</Extensions>
	</Project>
</CodeBlocks_project_file>
